
Microsoft Visual Studio Solution File, Format Version 12.00
# Visual Studio 15
VisualStudioVersion = 15.0.28010.2046
MinimumVisualStudioVersion = 10.0.40219.1
Project("{8BC9CEB8-8B4A-11D0-8D11-00A0C91BC942}") = "Lab3", "Lab3\Lab3.vcxproj", "{4368AF63-81B2-4E3B-9A57-95A58E3C670B}"
EndProject
Global
	GlobalSection(SolutionConfigurationPlatforms) = preSolution
		Debug|x64 = Debug|x64
		Debug|x86 = Debug|x86
		Release|x64 = Release|x64
		Release|x86 = Release|x86
	EndGlobalSection
	GlobalSection(ProjectConfigurationPlatforms) = postSolution
		{4368AF63-81B2-4E3B-9A57-95A58E3C670B}.Debug|x64.ActiveCfg = Debug|x64
		{4368AF63-81B2-4E3B-9A57-95A58E3C670B}.Debug|x64.Build.0 = Debug|x64
		{4368AF63-81B2-4E3B-9A57-95A58E3C670B}.Debug|x86.ActiveCfg = Debug|Win32
		{4368AF63-81B2-4E3B-9A57-95A58E3C670B}.Debug|x86.Build.0 = Debug|Win32
		{4368AF63-81B2-4E3B-9A57-95A58E3C670B}.Release|x64.ActiveCfg = Release|x64
		{4368AF63-81B2-4E3B-9A57-95A58E3C670B}.Release|x64.Build.0 = Release|x64
		{4368AF63-81B2-4E3B-9A57-95A58E3C670B}.Release|x86.ActiveCfg = Release|Win32
		{4368AF63-81B2-4E3B-9A57-95A58E3C670B}.Release|x86.Build.0 = Release|Win32
	EndGlobalSection
	GlobalSection(SolutionProperties) = preSolution
		HideSolutionNode = FALSE
	EndGlobalSection
	GlobalSection(ExtensibilityGlobals) = postSolution
		SolutionGuid = {ED029F27-FE00-44E0-93B8-EDF761A96984}
	EndGlobalSection
EndGlobal
